{
  "pins" : [
    {
      "identity" : "collectionconcurrencykit",
      "kind" : "remoteSourceControl",
      "location" : "https://github.com/JohnSundell/CollectionConcurrencyKit.git",
      "state" : {
        "revision" : "b4f23e24b5a1bff301efc5e70871083ca029ff95",
        "version" : "0.2.0"
      }
    },
    {
      "identity" : "kanna",
      "kind" : "remoteSourceControl",
      "location" : "https://github.com/tid-kijyun/Kanna.git",
      "state" : {
        "revision" : "f9e4922223dd0d3dfbf02ca70812cf5531fc0593",
        "version" : "5.2.7"
      }
    },
    {
      "identity" : "komondor",
      "kind" : "remoteSourceControl",
      "location" : "https://github.com/shibapm/Komondor.git",
      "state" : {
        "revision" : "90b087b1e39069684b1ff4bf915c2aae594f2d60",
        "version" : "1.1.3"
      }
    },
    {
      "identity" : "packageconfig",
      "kind" : "remoteSourceControl",
      "location" : "https://github.com/shibapm/PackageConfig.git",
      "state" : {
        "revision" : "58523193c26fb821ed1720dcd8a21009055c7cdb",
        "version" : "1.1.3"
      }
    },
    {
      "identity" : "pathkit",
      "kind" : "remoteSourceControl",
      "location" : "https://github.com/kylef/PathKit.git",
      "state" : {
        "revision" : "3bfd2737b700b9a36565a8c94f4ad2b050a5e574",
        "version" : "1.0.1"
      }
    },
    {
      "identity" : "shellout",
      "kind" : "remoteSourceControl",
      "location" : "https://github.com/JohnSundell/ShellOut.git",
      "state" : {
        "revision" : "e1577acf2b6e90086d01a6d5e2b8efdaae033568",
        "version" : "2.3.0"
      }
    },
    {
      "identity" : "sourcekitten",
      "kind" : "remoteSourceControl",
      "location" : "https://github.com/jpsim/SourceKitten.git",
      "state" : {
        "revision" : "b5f9bb749057dd396e93f97956bef64672bc2a04",
        "version" : "0.33.0"
      }
    },
    {
      "identity" : "spectre",
      "kind" : "remoteSourceControl",
      "location" : "https://github.com/kylef/Spectre.git",
      "state" : {
        "revision" : "26cc5e9ae0947092c7139ef7ba612e34646086c7",
        "version" : "0.10.1"
      }
    },
    {
      "identity" : "stencil",
      "kind" : "remoteSourceControl",
      "location" : "https://github.com/stencilproject/Stencil.git",
      "state" : {
        "revision" : "4f222ac85d673f35df29962fc4c36ccfdaf9da5b",
        "version" : "0.15.1"
      }
    },
    {
      "identity" : "stencilswiftkit",
      "kind" : "remoteSourceControl",
      "location" : "https://github.com/SwiftGen/StencilSwiftKit.git",
      "state" : {
        "revision" : "20e2de5322c83df005939d9d9300fab130b49f97",
        "version" : "2.10.1"
      }
    },
    {
      "identity" : "swift-argument-parser",
      "kind" : "remoteSourceControl",
      "location" : "https://github.com/apple/swift-argument-parser.git",
      "state" : {
        "revision" : "9f39744e025c7d377987f30b03770805dcb0bcd1",
        "version" : "1.1.4"
      }
    },
    {
      "identity" : "swift-syntax",
      "kind" : "remoteSourceControl",
      "location" : "https://github.com/apple/swift-syntax.git",
      "state" : {
        "revision" : "0b6c22b97f8e9320bca62e82cdbee601cf37ad3f",
        "version" : "0.50600.1"
      }
    },
    {
      "identity" : "swiftgen",
      "kind" : "remoteSourceControl",
      "location" : "https://github.com/SwiftGen/SwiftGen",
      "state" : {
        "revision" : "1cf6d7eebd70c2157f69d5a991bc57c1ef182ed1",
        "version" : "6.6.2"
      }
    },
    {
      "identity" : "swiftlint",
      "kind" : "remoteSourceControl",
      "location" : "https://github.com/realm/SwiftLint",
      "state" : {
        "revision" : "57dc1c9532d660ff547dd8ba2176ad82c1175787",
        "version" : "0.49.1"
      }
    },
    {
      "identity" : "swiftytexttable",
      "kind" : "remoteSourceControl",
      "location" : "https://github.com/scottrhoyt/SwiftyTextTable.git",
      "state" : {
        "revision" : "c6df6cf533d120716bff38f8ff9885e1ce2a4ac3",
        "version" : "0.9.0"
      }
    },
    {
      "identity" : "swxmlhash",
      "kind" : "remoteSourceControl",
      "location" : "https://github.com/drmohundro/SWXMLHash.git",
      "state" : {
        "revision" : "4d0f62f561458cbe1f732171e625f03195151b60",
        "version" : "7.0.1"
      }
    },
    {
      "identity" : "yams",
      "kind" : "remoteSourceControl",
      "location" : "https://github.com/jpsim/Yams.git",
      "state" : {
        "revision" : "01835dc202670b5bb90d07f3eae41867e9ed29f6",
        "version" : "5.0.1"
      }
    }
  ],
  "version" : 2
}
